
Microsoft Visual Studio Solution File, Format Version 12.00
# Visual Studio Version 16
VisualStudioVersion = 16.0.30804.86
MinimumVisualStudioVersion = 10.0.40219.1
Project("{FAE04EC0-301F-11D3-BF4B-00C04F79EFBC}") = "P01_StudentSystem", "P01_StudentSystem\P01_StudentSystem.csproj", "{FB8EBA7D-CCD3-423D-B6DA-FF0B770A2E90}"
EndProject
Global
	GlobalSection(SolutionConfigurationPlatforms) = preSolution
		Debug|Any CPU = Debug|Any CPU
		Release|Any CPU = Release|Any CPU
	EndGlobalSection
	GlobalSection(ProjectConfigurationPlatforms) = postSolution
		{FB8EBA7D-CCD3-423D-B6DA-FF0B770A2E90}.Debug|Any CPU.ActiveCfg = Debug|Any CPU
		{FB8EBA7D-CCD3-423D-B6DA-FF0B770A2E90}.Debug|Any CPU.Build.0 = Debug|Any CPU
		{FB8EBA7D-CCD3-423D-B6DA-FF0B770A2E90}.Release|Any CPU.ActiveCfg = Release|Any CPU
		{FB8EBA7D-CCD3-423D-B6DA-FF0B770A2E90}.Release|Any CPU.Build.0 = Release|Any CPU
	EndGlobalSection
	GlobalSection(SolutionProperties) = preSolution
		HideSolutionNode = FALSE
	EndGlobalSection
	GlobalSection(ExtensibilityGlobals) = postSolution
		SolutionGuid = {0A05CF3D-A990-48CA-A038-69100DB27919}
	EndGlobalSection
EndGlobal
